
Microsoft Visual Studio Solution File, Format Version 12.00
# Visual Studio Version 16
VisualStudioVersion = 16.0.28803.202
MinimumVisualStudioVersion = 10.0.40219.1
Project("{FAE04EC0-301F-11D3-BF4B-00C04F79EFBC}") = "OOP.extented_", "OOP.extented_\OOP.extented_.csproj", "{E7B1D7E6-57BA-42B2-863D-A034B70897A1}"
EndProject
Global
	GlobalSection(SolutionConfigurationPlatforms) = preSolution
		Debug|Any CPU = Debug|Any CPU
		Release|Any CPU = Release|Any CPU
	EndGlobalSection
	GlobalSection(ProjectConfigurationPlatforms) = postSolution
		{E7B1D7E6-57BA-42B2-863D-A034B70897A1}.Debug|Any CPU.ActiveCfg = Debug|Any CPU
		{E7B1D7E6-57BA-42B2-863D-A034B70897A1}.Debug|Any CPU.Build.0 = Debug|Any CPU
		{E7B1D7E6-57BA-42B2-863D-A034B70897A1}.Release|Any CPU.ActiveCfg = Release|Any CPU
		{E7B1D7E6-57BA-42B2-863D-A034B70897A1}.Release|Any CPU.Build.0 = Release|Any CPU
	EndGlobalSection
	GlobalSection(SolutionProperties) = preSolution
		HideSolutionNode = FALSE
	EndGlobalSection
	GlobalSection(ExtensibilityGlobals) = postSolution
		SolutionGuid = {7B6159CD-3C7F-4375-AD05-35D303CAD843}
	EndGlobalSection
EndGlobal
